<?xml version="1.0" encoding="utf-8"?>
<Project ToolsVersion="4.0" xmlns="http://schemas.microsoft.com/developer/msbuild/2003">
  <ItemGroup>
    <ClCompile Include="GWSM.cpp" />
    <ClCompile Include="pch.cpp" />
    <ClCompile Include="NewWndProc.cpp">
      <Filter>thread start files</Filter>
    </ClCompile>
    <ClCompile Include="SafeThreadEntry.cpp">
      <Filter>thread start files</Filter>
    </ClCompile>
    <ClCompile Include="SafeWndProc.cpp">
      <Filter>thread start files</Filter>
    </ClCompile>
    <ClCompile Include="ThreadEntry.cpp">
      <Filter>thread start files</Filter>
    </ClCompile>
    <ClCompile Include="dllmain.cpp">
      <Filter>thread start files</Filter>
    </ClCompile>
    <ClCompile Include="ChatWriter.cpp">
      <Filter>GW interaction</Filter>
    </ClCompile>
    <ClCompile Include="ClientDataUpdater.cpp">
      <Filter>Update functions</Filter>
    </ClCompile>
    <ClCompile Include="string_utils.cpp">
      <Filter>Utils</Filter>
    </ClCompile>
    <ClCompile Include="AgentUtils.cpp">
      <Filter>Utils</Filter>
    </ClCompile>
    <ClCompile Include="bag_and_item_utils.cpp" />
    <ClCompile Include="ItemCallbacks.cpp">
      <Filter>Packet callbacks</Filter>
    </ClCompile>
    <ClCompile Include="QuestCallbacks.cpp">
      <Filter>Packet callbacks</Filter>
    </ClCompile>
    <ClCompile Include="GWCA_UIMgr_Extensions.cpp">
      <Filter>GW interaction\GWCA extensions</Filter>
    </ClCompile>
  </ItemGroup>
  <ItemGroup>
    <ClInclude Include="framework.h" />
    <ClInclude Include="GWSM.h" />
    <ClInclude Include="KeyboardProc.h" />
    <ClInclude Include="pch.h" />
    <ClInclude Include="NewWndProc.h">
      <Filter>thread start files</Filter>
    </ClInclude>
    <ClInclude Include="SafeThreadEntry.h">
      <Filter>thread start files</Filter>
    </ClInclude>
    <ClInclude Include="SafeWndProc.h">
      <Filter>thread start files</Filter>
    </ClInclude>
    <ClInclude Include="ThreadEntry.h">
      <Filter>thread start files</Filter>
    </ClInclude>
    <ClInclude Include="ChatWriter.h">
      <Filter>GW interaction</Filter>
    </ClInclude>
    <ClInclude Include="ClientDataUpdater.h">
      <Filter>Update functions</Filter>
    </ClInclude>
    <ClInclude Include="UpdateStatus.h">
      <Filter>Update functions</Filter>
    </ClInclude>
    <ClInclude Include="string_utils.h">
      <Filter>Utils</Filter>
    </ClInclude>
    <ClInclude Include="AgentUtils.h">
      <Filter>Utils</Filter>
    </ClInclude>
    <ClInclude Include="bag_and_item_utils.h" />
    <ClInclude Include="ItemCallbacks.h">
      <Filter>Packet callbacks</Filter>
    </ClInclude>
    <ClInclude Include="QuestCallbacks.h">
      <Filter>Packet callbacks</Filter>
    </ClInclude>
    <ClInclude Include="GWCA_UIMgr_Extensions.h">
      <Filter>GW interaction\GWCA extensions</Filter>
    </ClInclude>
  </ItemGroup>
  <ItemGroup>
    <Filter Include="thread start files">
      <UniqueIdentifier>{326c5057-da4e-49c9-a072-af2c33674219}</UniqueIdentifier>
    </Filter>
    <Filter Include="GW interaction">
      <UniqueIdentifier>{a06c4288-61d1-4bff-a2aa-c12971efe5c3}</UniqueIdentifier>
    </Filter>
    <Filter Include="Update functions">
      <UniqueIdentifier>{506fee14-0cee-424f-876e-026c27ffdf87}</UniqueIdentifier>
    </Filter>
    <Filter Include="Utils">
      <UniqueIdentifier>{d8c3050d-b623-4385-a25a-44f4bc6c0615}</UniqueIdentifier>
    </Filter>
    <Filter Include="Packet callbacks">
      <UniqueIdentifier>{b02d0073-7ea4-4fb4-8486-980d1e6e51da}</UniqueIdentifier>
    </Filter>
    <Filter Include="GW interaction\GWCA extensions">
      <UniqueIdentifier>{12ef5294-ecf2-446f-bafc-9ed79efc3608}</UniqueIdentifier>
    </Filter>
  </ItemGroup>
</Project>